// !$*UTF8*$!
{
	archiveVersion = 1;
	classes = {
	};
	objectVersion = 56;
	objects = {

/* Begin PBXBuildFile section */
		84858DCD2B67AA5100B1CAE7 /* SQLite_CRUDApp.swift in Sources */ = {isa = PBXBuildFile; fileRef = 84858DCC2B67AA5100B1CAE7 /* SQLite_CRUDApp.swift */; };
		84858DCF2B67AA5100B1CAE7 /* ContentView.swift in Sources */ = {isa = PBXBuildFile; fileRef = 84858DCE2B67AA5100B1CAE7 /* ContentView.swift */; };
		84858DD12B67AA5300B1CAE7 /* Assets.xcassets in Resources */ = {isa = PBXBuildFile; fileRef = 84858DD02B67AA5300B1CAE7 /* Assets.xcassets */; };
		84858DD42B67AA5300B1CAE7 /* Preview Assets.xcassets in Resources */ = {isa = PBXBuildFile; fileRef = 84858DD32B67AA5300B1CAE7 /* Preview Assets.xcassets */; };
		84858DDD2B67AA6E00B1CAE7 /* UserModel.swift in Sources */ = {isa = PBXBuildFile; fileRef = 84858DDC2B67AA6E00B1CAE7 /* UserModel.swift */; };
		84858DE02B67AA7F00B1CAE7 /* SQLiteHelper.swift in Sources */ = {isa = PBXBuildFile; fileRef = 84858DDF2B67AA7F00B1CAE7 /* SQLiteHelper.swift */; };
		84858DE32B67AA9900B1CAE7 /* SQLite in Frameworks */ = {isa = PBXBuildFile; productRef = 84858DE22B67AA9900B1CAE7 /* SQLite */; };
		84858DE62B67AC9D00B1CAE7 /* Const.swift in Sources */ = {isa = PBXBuildFile; fileRef = 84858DE52B67AC9D00B1CAE7 /* Const.swift */; };
		84858DE82B67AE4400B1CAE7 /* AddUserView.swift in Sources */ = {isa = PBXBuildFile; fileRef = 84858DE72B67AE4400B1CAE7 /* AddUserView.swift */; };
		84858DEA2B67F6DF00B1CAE7 /* EditUserView.swift in Sources */ = {isa = PBXBuildFile; fileRef = 84858DE92B67F6DF00B1CAE7 /* EditUserView.swift */; };
/* End PBXBuildFile section */

/* Begin PBXFileReference section */
		84858DC92B67AA5100B1CAE7 /* SQLite CRUD.app */ = {isa = PBXFileReference; explicitFileType = wrapper.application; includeInIndex = 0; path = "SQLite CRUD.app"; sourceTree = BUILT_PRODUCTS_DIR; };
		84858DCC2B67AA5100B1CAE7 /* SQLite_CRUDApp.swift */ = {isa = PBXFileReference; lastKnownFileType = sourcecode.swift; path = SQLite_CRUDApp.swift; sourceTree = "<group>"; };
		84858DCE2B67AA5100B1CAE7 /* ContentView.swift */ = {isa = PBXFileReference; lastKnownFileType = sourcecode.swift; path = ContentView.swift; sourceTree = "<group>"; };
		84858DD02B67AA5300B1CAE7 /* Assets.xcassets */ = {isa = PBXFileReference; lastKnownFileType = folder.assetcatalog; path = Assets.xcassets; sourceTree = "<group>"; };
		84858DD32B67AA5300B1CAE7 /* Preview Assets.xcassets */ = {isa = PBXFileReference; lastKnownFileType = folder.assetcatalog; path = "Preview Assets.xcassets"; sourceTree = "<group>"; };
		84858DDC2B67AA6E00B1CAE7 /* UserModel.swift */ = {isa = PBXFileReference; lastKnownFileType = sourcecode.swift; path = UserModel.swift; sourceTree = "<group>"; };
		84858DDF2B67AA7F00B1CAE7 /* SQLiteHelper.swift */ = {isa = PBXFileReference; lastKnownFileType = sourcecode.swift; path = SQLiteHelper.swift; sourceTree = "<group>"; };
		84858DE52B67AC9D00B1CAE7 /* Const.swift */ = {isa = PBXFileReference; lastKnownFileType = sourcecode.swift; path = Const.swift; sourceTree = "<group>"; };
		84858DE72B67AE4400B1CAE7 /* AddUserView.swift */ = {isa = PBXFileReference; lastKnownFileType = sourcecode.swift; path = AddUserView.swift; sourceTree = "<group>"; };
		84858DE92B67F6DF00B1CAE7 /* EditUserView.swift */ = {isa = PBXFileReference; lastKnownFileType = sourcecode.swift; path = EditUserView.swift; sourceTree = "<group>"; };
/* End PBXFileReference section */

/* Begin PBXFrameworksBuildPhase section */
		84858DC62B67AA5100B1CAE7 /* Frameworks */ = {
			isa = PBXFrameworksBuildPhase;
			buildActionMask = 2147483647;
			files = (
				84858DE32B67AA9900B1CAE7 /* SQLite in Frameworks */,
			);
			runOnlyForDeploymentPostprocessing = 0;
		};
/* End PBXFrameworksBuildPhase section */

/* Begin PBXGroup section */
		84858DC02B67AA5100B1CAE7 = {
			isa = PBXGroup;
			children = (
				84858DCB2B67AA5100B1CAE7 /* SQLite CRUD */,
				84858DCA2B67AA5100B1CAE7 /* Products */,
			);
			sourceTree = "<group>";
		};
		84858DCA2B67AA5100B1CAE7 /* Products */ = {
			isa = PBXGroup;
			children = (
				84858DC92B67AA5100B1CAE7 /* SQLite CRUD.app */,
			);
			name = Products;
			sourceTree = "<group>";
		};
		84858DCB2B67AA5100B1CAE7 /* SQLite CRUD */ = {
			isa = PBXGroup;
			children = (
				84858DDE2B67AA7700B1CAE7 /* db */,
				84858DDB2B67AA5A00B1CAE7 /* ui */,
				84858DDA2B67AA5600B1CAE7 /* models */,
				84858DE42B67AC9000B1CAE7 /* utils */,
				84858DCC2B67AA5100B1CAE7 /* SQLite_CRUDApp.swift */,
				84858DD02B67AA5300B1CAE7 /* Assets.xcassets */,
				84858DD22B67AA5300B1CAE7 /* Preview Content */,
			);
			path = "SQLite CRUD";
			sourceTree = "<group>";
		};
		84858DD22B67AA5300B1CAE7 /* Preview Content */ = {
			isa = PBXGroup;
			children = (
				84858DD32B67AA5300B1CAE7 /* Preview Assets.xcassets */,
			);
			path = "Preview Content";
			sourceTree = "<group>";
		};
		84858DDA2B67AA5600B1CAE7 /* models */ = {
			isa = PBXGroup;
			children = (
				84858DDC2B67AA6E00B1CAE7 /* UserModel.swift */,
			);
			path = models;
			sourceTree = "<group>";
		};
		84858DDB2B67AA5A00B1CAE7 /* ui */ = {
			isa = PBXGroup;
			children = (
				84858DCE2B67AA5100B1CAE7 /* ContentView.swift */,
				84858DE72B67AE4400B1CAE7 /* AddUserView.swift */,
				84858DE92B67F6DF00B1CAE7 /* EditUserView.swift */,
			);
			path = ui;
			sourceTree = "<group>";
		};
		84858DDE2B67AA7700B1CAE7 /* db */ = {
			isa = PBXGroup;
			children = (
				84858DDF2B67AA7F00B1CAE7 /* SQLiteHelper.swift */,
			);
			path = db;
			sourceTree = "<group>";
		};
		84858DE42B67AC9000B1CAE7 /* utils */ = {
			isa = PBXGroup;
			children = (
				84858DE52B67AC9D00B1CAE7 /* Const.swift */,
			);
			path = utils;
			sourceTree = "<group>";
		};
/* End PBXGroup section */

/* Begin PBXNativeTarget section */
		84858DC82B67AA5100B1CAE7 /* SQLite CRUD */ = {
			isa = PBXNativeTarget;
			buildConfigurationList = 84858DD72B67AA5300B1CAE7 /* Build configuration list for PBXNativeTarget "SQLite CRUD" */;
			buildPhases = (
				84858DC52B67AA5100B1CAE7 /* Sources */,
				84858DC62B67AA5100B1CAE7 /* Frameworks */,
				84858DC72B67AA5100B1CAE7 /* Resources */,
			);
			buildRules = (
			);
			dependencies = (
			);
			name = "SQLite CRUD";
			packageProductDependencies = (
				84858DE22B67AA9900B1CAE7 /* SQLite */,
			);
			productName = "SQLite CRUD";
			productReference = 84858DC92B67AA5100B1CAE7 /* SQLite CRUD.app */;
			productType = "com.apple.product-type.application";
		};
/* End PBXNativeTarget section */

/* Begin PBXProject section */
		84858DC12B67AA5100B1CAE7 /* Project object */ = {
			isa = PBXProject;
			attributes = {
				BuildIndependentTargetsInParallel = 1;
				LastSwiftUpdateCheck = 1520;
				LastUpgradeCheck = 1520;
				TargetAttributes = {
					84858DC82B67AA5100B1CAE7 = {
						CreatedOnToolsVersion = 15.2;
					};
				};
			};
			buildConfigurationList = 84858DC42B67AA5100B1CAE7 /* Build configuration list for PBXProject "SQLite CRUD" */;
			compatibilityVersion = "Xcode 14.0";
			developmentRegion = en;
			hasScannedForEncodings = 0;
			knownRegions = (
				en,
				Base,
			);
			mainGroup = 84858DC02B67AA5100B1CAE7;
			packageReferences = (
				84858DE12B67AA9900B1CAE7 /* XCRemoteSwiftPackageReference "SQLite.swift" */,
			);
			productRefGroup = 84858DCA2B67AA5100B1CAE7 /* Products */;
			projectDirPath = "";
			projectRoot = "";
			targets = (
				84858DC82B67AA5100B1CAE7 /* SQLite CRUD */,
			);
		};
/* End PBXProject section */

/* Begin PBXResourcesBuildPhase section */
		84858DC72B67AA5100B1CAE7 /* Resources */ = {
			isa = PBXResourcesBuildPhase;
			buildActionMask = 2147483647;
			files = (
				84858DD42B67AA5300B1CAE7 /* Preview Assets.xcassets in Resources */,
				84858DD12B67AA5300B1CAE7 /* Assets.xcassets in Resources */,
			);
			runOnlyForDeploymentPostprocessing = 0;
		};
/* End PBXResourcesBuildPhase section */

/* Begin PBXSourcesBuildPhase section */
		84858DC52B67AA5100B1CAE7 /* Sources */ = {
			isa = PBXSourcesBuildPhase;
			buildActionMask = 2147483647;
			files = (
				84858DCF2B67AA5100B1CAE7 /* ContentView.swift in Sources */,
				84858DDD2B67AA6E00B1CAE7 /* UserModel.swift in Sources */,
				84858DCD2B67AA5100B1CAE7 /* SQLite_CRUDApp.swift in Sources */,
				84858DE02B67AA7F00B1CAE7 /* SQLiteHelper.swift in Sources */,
				84858DEA2B67F6DF00B1CAE7 /* EditUserView.swift in Sources */,
				84858DE62B67AC9D00B1CAE7 /* Const.swift in Sources */,
				84858DE82B67AE4400B1CAE7 /* AddUserView.swift in Sources */,
			);
			runOnlyForDeploymentPostprocessing = 0;
		};
/* End PBXSourcesBuildPhase section */

/* Begin XCBuildConfiguration section */
		84858DD52B67AA5300B1CAE7 /* Debug */ = {
			isa = XCBuildConfiguration;
			buildSettings = {
				ALWAYS_SEARCH_USER_PATHS = NO;
				ASSETCATALOG_COMPILER_GENERATE_SWIFT_ASSET_SYMBOL_EXTENSIONS = YES;
				CLANG_ANALYZER_NONNULL = YES;
				CLANG_ANALYZER_NUMBER_OBJECT_CONVERSION = YES_AGGRESSIVE;
				CLANG_CXX_LANGUAGE_STANDARD = "gnu++20";
				CLANG_ENABLE_MODULES = YES;
				CLANG_ENABLE_OBJC_ARC = YES;
				CLANG_ENABLE_OBJC_WEAK = YES;
				CLANG_WARN_BLOCK_CAPTURE_AUTORELEASING = YES;
				CLANG_WARN_BOOL_CONVERSION = YES;
				CLANG_WARN_COMMA = YES;
				CLANG_WARN_CONSTANT_CONVERSION = YES;
				CLANG_WARN_DEPRECATED_OBJC_IMPLEMENTATIONS = YES;
				CLANG_WARN_DIRECT_OBJC_ISA_USAGE = YES_ERROR;
				CLANG_WARN_DOCUMENTATION_COMMENTS = YES;
				CLANG_WARN_EMPTY_BODY = YES;
				CLANG_WARN_ENUM_CONVERSION = YES;
				CLANG_WARN_INFINITE_RECURSION = YES;
				CLANG_WARN_INT_CONVERSION = YES;
				CLANG_WARN_NON_LITERAL_NULL_CONVERSION = YES;
				CLANG_WARN_OBJC_IMPLICIT_RETAIN_SELF = YES;
				CLANG_WARN_OBJC_LITERAL_CONVERSION = YES;
				CLANG_WARN_OBJC_ROOT_CLASS = YES_ERROR;
				CLANG_WARN_QUOTED_INCLUDE_IN_FRAMEWORK_HEADER = YES;
				CLANG_WARN_RANGE_LOOP_ANALYSIS = YES;
				CLANG_WARN_STRICT_PROTOTYPES = YES;
				CLANG_WARN_SUSPICIOUS_MOVE = YES;
				CLANG_WARN_UNGUARDED_AVAILABILITY = YES_AGGRESSIVE;
				CLANG_WARN_UNREACHABLE_CODE = YES;
				CLANG_WARN__DUPLICATE_METHOD_MATCH = YES;
				COPY_PHASE_STRIP = NO;
				DEBUG_INFORMATION_FORMAT = dwarf;
				ENABLE_STRICT_OBJC_MSGSEND = YES;
				ENABLE_TESTABILITY = YES;
				ENABLE_USER_SCRIPT_SANDBOXING = YES;
				GCC_C_LANGUAGE_STANDARD = gnu17;
				GCC_DYNAMIC_NO_PIC = NO;
				GCC_NO_COMMON_BLOCKS = YES;
				GCC_OPTIMIZATION_LEVEL = 0;
				GCC_PREPROCESSOR_DEFINITIONS = (
					"DEBUG=1",
					"$(inherited)",
				);
				GCC_WARN_64_TO_32_BIT_CONVERSION = YES;
				GCC_WARN_ABOUT_RETURN_TYPE = YES_ERROR;
				GCC_WARN_UNDECLARED_SELECTOR = YES;
				GCC_WARN_UNINITIALIZED_AUTOS = YES_AGGRESSIVE;
				GCC_WARN_UNUSED_FUNCTION = YES;
				GCC_WARN_UNUSED_VARIABLE = YES;
				IPHONEOS_DEPLOYMENT_TARGET = 17.2;
				LOCALIZATION_PREFERS_STRING_CATALOGS = YES;
				MTL_ENABLE_DEBUG_INFO = INCLUDE_SOURCE;
				MTL_FAST_MATH = YES;
				ONLY_ACTIVE_ARCH = YES;
				SDKROOT = iphoneos;
				SWIFT_ACTIVE_COMPILATION_CONDITIONS = "DEBUG $(inherited)";
				SWIFT_OPTIMIZATION_LEVEL = "-Onone";
			};
			name = Debug;
		};
		84858DD62B67AA5300B1CAE7 /* Release */ = {
			isa = XCBuildConfiguration;
			buildSettings = {
				ALWAYS_SEARCH_USER_PATHS = NO;
				ASSETCATALOG_COMPILER_GENERATE_SWIFT_ASSET_SYMBOL_EXTENSIONS = YES;
				CLANG_ANALYZER_NONNULL = YES;
				CLANG_ANALYZER_NUMBER_OBJECT_CONVERSION = YES_AGGRESSIVE;
				CLANG_CXX_LANGUAGE_STANDARD = "gnu++20";
				CLANG_ENABLE_MODULES = YES;
				CLANG_ENABLE_OBJC_ARC = YES;
				CLANG_ENABLE_OBJC_WEAK = YES;
				CLANG_WARN_BLOCK_CAPTURE_AUTORELEASING = YES;
				CLANG_WARN_BOOL_CONVERSION = YES;
				CLANG_WARN_COMMA = YES;
				CLANG_WARN_CONSTANT_CONVERSION = YES;
				CLANG_WARN_DEPRECATED_OBJC_IMPLEMENTATIONS = YES;
				CLANG_WARN_DIRECT_OBJC_ISA_USAGE = YES_ERROR;
				CLANG_WARN_DOCUMENTATION_COMMENTS = YES;
				CLANG_WARN_EMPTY_BODY = YES;
				CLANG_WARN_ENUM_CONVERSION = YES;
				CLANG_WARN_INFINITE_RECURSION = YES;
				CLANG_WARN_INT_CONVERSION = YES;
				CLANG_WARN_NON_LITERAL_NULL_CONVERSION = YES;
				CLANG_WARN_OBJC_IMPLICIT_RETAIN_SELF = YES;
				CLANG_WARN_OBJC_LITERAL_CONVERSION = YES;
				CLANG_WARN_OBJC_ROOT_CLASS = YES_ERROR;
				CLANG_WARN_QUOTED_INCLUDE_IN_FRAMEWORK_HEADER = YES;
				CLANG_WARN_RANGE_LOOP_ANALYSIS = YES;
				CLANG_WARN_STRICT_PROTOTYPES = YES;
				CLANG_WARN_SUSPICIOUS_MOVE = YES;
				CLANG_WARN_UNGUARDED_AVAILABILITY = YES_AGGRESSIVE;
				CLANG_WARN_UNREACHABLE_CODE = YES;
				CLANG_WARN__DUPLICATE_METHOD_MATCH = YES;
				COPY_PHASE_STRIP = NO;
				DEBUG_INFORMATION_FORMAT = "dwarf-with-dsym";
				ENABLE_NS_ASSERTIONS = NO;
				ENABLE_STRICT_OBJC_MSGSEND = YES;
				ENABLE_USER_SCRIPT_SANDBOXING = YES;
				GCC_C_LANGUAGE_STANDARD = gnu17;
				GCC_NO_COMMON_BLOCKS = YES;
				GCC_WARN_64_TO_32_BIT_CONVERSION = YES;
				GCC_WARN_ABOUT_RETURN_TYPE = YES_ERROR;
				GCC_WARN_UNDECLARED_SELECTOR = YES;
				GCC_WARN_UNINITIALIZED_AUTOS = YES_AGGRESSIVE;
				GCC_WARN_UNUSED_FUNCTION = YES;
				GCC_WARN_UNUSED_VARIABLE = YES;
				IPHONEOS_DEPLOYMENT_TARGET = 17.2;
				LOCALIZATION_PREFERS_STRING_CATALOGS = YES;
				MTL_ENABLE_DEBUG_INFO = NO;
				MTL_FAST_MATH = YES;
				SDKROOT = iphoneos;
				SWIFT_COMPILATION_MODE = wholemodule;
				VALIDATE_PRODUCT = YES;
			};
			name = Release;
		};
		84858DD82B67AA5300B1CAE7 /* Debug */ = {
			isa = XCBuildConfiguration;
			buildSettings = {
				ASSETCATALOG_COMPILER_APPICON_NAME = AppIcon;
				ASSETCATALOG_COMPILER_GLOBAL_ACCENT_COLOR_NAME = AccentColor;
				CODE_SIGN_STYLE = Automatic;
				CURRENT_PROJECT_VERSION = 1;
				DEVELOPMENT_ASSET_PATHS = "\"SQLite CRUD/Preview Content\"";
				DEVELOPMENT_TEAM = NGB4B77Z66;
				ENABLE_PREVIEWS = YES;
				GENERATE_INFOPLIST_FILE = YES;
				INFOPLIST_KEY_UIApplicationSceneManifest_Generation = YES;
				INFOPLIST_KEY_UIApplicationSupportsIndirectInputEvents = YES;
				INFOPLIST_KEY_UILaunchScreen_Generation = YES;
				INFOPLIST_KEY_UISupportedInterfaceOrientations_iPad = "UIInterfaceOrientationPortrait UIInterfaceOrientationPortraitUpsideDown UIInterfaceOrientationLandscapeLeft UIInterfaceOrientationLandscapeRight";
				INFOPLIST_KEY_UISupportedInterfaceOrientations_iPhone = "UIInterfaceOrientationPortrait UIInterfaceOrientationLandscapeLeft UIInterfaceOrientationLandscapeRight";
				LD_RUNPATH_SEARCH_PATHS = (
					"$(inherited)",
					"@executable_path/Frameworks",
				);
				MARKETING_VERSION = 1.0;
				PRODUCT_BUNDLE_IDENTIFIER = "adnan.SQLite-CRUD";
				PRODUCT_NAME = "$(TARGET_NAME)";
				SWIFT_EMIT_LOC_STRINGS = YES;
				SWIFT_VERSION = 5.0;
				TARGETED_DEVICE_FAMILY = "1,2";
			};
			name = Debug;
		};
		84858DD92B67AA5300B1CAE7 /* Release */ = {
			isa = XCBuildConfiguration;
			buildSettings = {
				ASSETCATALOG_COMPILER_APPICON_NAME = AppIcon;
				ASSETCATALOG_COMPILER_GLOBAL_ACCENT_COLOR_NAME = AccentColor;
				CODE_SIGN_STYLE = Automatic;
				CURRENT_PROJECT_VERSION = 1;
				DEVELOPMENT_ASSET_PATHS = "\"SQLite CRUD/Preview Content\"";
				DEVELOPMENT_TEAM = NGB4B77Z66;
				ENABLE_PREVIEWS = YES;
				GENERATE_INFOPLIST_FILE = YES;
				INFOPLIST_KEY_UIApplicationSceneManifest_Generation = YES;
				INFOPLIST_KEY_UIApplicationSupportsIndirectInputEvents = YES;
				INFOPLIST_KEY_UILaunchScreen_Generation = YES;
				INFOPLIST_KEY_UISupportedInterfaceOrientations_iPad = "UIInterfaceOrientationPortrait UIInterfaceOrientationPortraitUpsideDown UIInterfaceOrientationLandscapeLeft UIInterfaceOrientationLandscapeRight";
				INFOPLIST_KEY_UISupportedInterfaceOrientations_iPhone = "UIInterfaceOrientationPortrait UIInterfaceOrientationLandscapeLeft UIInterfaceOrientationLandscapeRight";
				LD_RUNPATH_SEARCH_PATHS = (
					"$(inherited)",
					"@executable_path/Frameworks",
				);
				MARKETING_VERSION = 1.0;
				PRODUCT_BUNDLE_IDENTIFIER = "adnan.SQLite-CRUD";
				PRODUCT_NAME = "$(TARGET_NAME)";
				SWIFT_EMIT_LOC_STRINGS = YES;
				SWIFT_VERSION = 5.0;
				TARGETED_DEVICE_FAMILY = "1,2";
			};
			name = Release;
		};
/* End XCBuildConfiguration section */

/* Begin XCConfigurationList section */
		84858DC42B67AA5100B1CAE7 /* Build configuration list for PBXProject "SQLite CRUD" */ = {
			isa = XCConfigurationList;
			buildConfigurations = (
				84858DD52B67AA5300B1CAE7 /* Debug */,
				84858DD62B67AA5300B1CAE7 /* Release */,
			);
			defaultConfigurationIsVisible = 0;
			defaultConfigurationName = Release;
		};
		84858DD72B67AA5300B1CAE7 /* Build configuration list for PBXNativeTarget "SQLite CRUD" */ = {
			isa = XCConfigurationList;
			buildConfigurations = (
				84858DD82B67AA5300B1CAE7 /* Debug */,
				84858DD92B67AA5300B1CAE7 /* Release */,
			);
			defaultConfigurationIsVisible = 0;
			defaultConfigurationName = Release;
		};
/* End XCConfigurationList section */

/* Begin XCRemoteSwiftPackageReference section */
		84858DE12B67AA9900B1CAE7 /* XCRemoteSwiftPackageReference "SQLite.swift" */ = {
			isa = XCRemoteSwiftPackageReference;
			repositoryURL = "https://github.com/stephencelis/SQLite.swift.git";
			requirement = {
				kind = upToNextMajorVersion;
				minimumVersion = 0.14.1;
			};
		};
/* End XCRemoteSwiftPackageReference section */

/* Begin XCSwiftPackageProductDependency section */
		84858DE22B67AA9900B1CAE7 /* SQLite */ = {
			isa = XCSwiftPackageProductDependency;
			package = 84858DE12B67AA9900B1CAE7 /* XCRemoteSwiftPackageReference "SQLite.swift" */;
			productName = SQLite;
		};
/* End XCSwiftPackageProductDependency section */
	};
	rootObject = 84858DC12B67AA5100B1CAE7 /* Project object */;
}
